{
  "name": "bowlGPT",
  "lockfileVersion": 3,
  "requires": true,
  "packages": {
    "": {
      "dependencies": {
        "pnpm": "^8.3.1"
      }
    },
    "node_modules/pnpm": {
      "version": "8.3.1",
      "resolved": "https://registry.npmjs.org/pnpm/-/pnpm-8.3.1.tgz",
      "integrity": "sha512-0mT2ZAv08J3nz8xUdWhRW88GE89IWgPo/xZhb6acQXK2+aCikl7kT7Bg31ZcnJqOrwYXSed68xjLd/ZoSnBR8w==",
      "bin": {
        "pnpm": "bin/pnpm.cjs",
        "pnpx": "bin/pnpx.cjs"
      },
      "engines": {
        "node": ">=16.14"
      },
      "funding": {
        "url": "https://opencollective.com/pnpm"
      }
    }
  }
}
